{
  "name": "em-cli",
  "version": "1.0.0",
  "lockfileVersion": 1,
  "requires": true,
  "dependencies": {
    "@em-cli/shared": {
      "version": "0.0.0",
      "requires": {
        "log-symbols": "^5.0.0",
        "ora": "^5.4.0"
      },
      "dependencies": {
        "@tsconfig/node10": {
          "version": "1.0.7"
        },
        "@tsconfig/node12": {
          "version": "1.0.7"
        },
        "@tsconfig/node14": {
          "version": "1.0.0"
        },
        "@tsconfig/node16": {
          "version": "1.0.1"
        },
        "ansi-regex": {
          "version": "5.0.0"
        },
        "ansi-styles": {
          "version": "4.3.0",
          "requires": {
            "color-convert": "^2.0.1"
          }
        },
        "arg": {
          "version": "4.1.3"
        },
        "base64-js": {
          "version": "1.5.1"
        },
        "bl": {
          "version": "4.1.0",
          "requires": {
            "buffer": "^5.5.0",
            "inherits": "^2.0.4",
            "readable-stream": "^3.4.0"
          }
        },
        "buffer": {
          "version": "5.7.1",
          "requires": {
            "base64-js": "^1.3.1",
            "ieee754": "^1.1.13"
          }
        },
        "buffer-from": {
          "version": "1.1.1"
        },
        "chalk": {
          "version": "4.1.1",
          "requires": {
            "ansi-styles": "^4.1.0",
            "supports-color": "^7.1.0"
          }
        },
        "cli-cursor": {
          "version": "3.1.0",
          "requires": {
            "restore-cursor": "^3.1.0"
          }
        },
        "cli-spinners": {
          "version": "2.6.0"
        },
        "clone": {
          "version": "1.0.4"
        },
        "color-convert": {
          "version": "2.0.1",
          "requires": {
            "color-name": "~1.1.4"
          }
        },
        "color-name": {
          "version": "1.1.4"
        },
        "create-require": {
          "version": "1.1.1"
        },
        "defaults": {
          "version": "1.0.3",
          "requires": {
            "clone": "^1.0.2"
          }
        },
        "diff": {
          "version": "4.0.2"
        },
        "has-flag": {
          "version": "4.0.0"
        },
        "ieee754": {
          "version": "1.2.1"
        },
        "inherits": {
          "version": "2.0.4"
        },
        "is-interactive": {
          "version": "1.0.0"
        },
        "is-unicode-supported": {
          "version": "0.1.0"
        },
        "log-symbols": {
          "version": "5.0.0",
          "requires": {
            "chalk": "^4.1.0",
            "is-unicode-supported": "^1.0.0"
          },
          "dependencies": {
            "is-unicode-supported": {
              "version": "1.0.0"
            }
          }
        },
        "make-error": {
          "version": "1.3.6"
        },
        "mimic-fn": {
          "version": "2.1.0"
        },
        "onetime": {
          "version": "5.1.2",
          "requires": {
            "mimic-fn": "^2.1.0"
          }
        },
        "ora": {
          "version": "5.4.0",
          "requires": {
            "bl": "^4.1.0",
            "chalk": "^4.1.0",
            "cli-cursor": "^3.1.0",
            "cli-spinners": "^2.5.0",
            "is-interactive": "^1.0.0",
            "is-unicode-supported": "^0.1.0",
            "log-symbols": "^4.1.0",
            "strip-ansi": "^6.0.0",
            "wcwidth": "^1.0.1"
          },
          "dependencies": {
            "log-symbols": {
              "version": "4.1.0",
              "requires": {
                "chalk": "^4.1.0",
                "is-unicode-supported": "^0.1.0"
              }
            }
          }
        },
        "readable-stream": {
          "version": "3.6.0",
          "requires": {
            "inherits": "^2.0.3",
            "string_decoder": "^1.1.1",
            "util-deprecate": "^1.0.1"
          }
        },
        "restore-cursor": {
          "version": "3.1.0",
          "requires": {
            "onetime": "^5.1.0",
            "signal-exit": "^3.0.2"
          }
        },
        "safe-buffer": {
          "version": "5.2.1"
        },
        "signal-exit": {
          "version": "3.0.3"
        },
        "source-map": {
          "version": "0.6.1"
        },
        "source-map-support": {
          "version": "0.5.19",
          "requires": {
            "buffer-from": "^1.0.0",
            "source-map": "^0.6.0"
          }
        },
        "string_decoder": {
          "version": "1.3.0",
          "requires": {
            "safe-buffer": "~5.2.0"
          }
        },
        "strip-ansi": {
          "version": "6.0.0",
          "requires": {
            "ansi-regex": "^5.0.0"
          }
        },
        "supports-color": {
          "version": "7.2.0",
          "requires": {
            "has-flag": "^4.0.0"
          }
        },
        "ts-node": {
          "requires": {
            "@tsconfig/node10": "^1.0.7",
            "@tsconfig/node12": "^1.0.7",
            "@tsconfig/node14": "^1.0.0",
            "@tsconfig/node16": "^1.0.1",
            "arg": "^4.1.0",
            "create-require": "^1.1.0",
            "diff": "^4.0.1",
            "make-error": "^1.1.1",
            "source-map-support": "^0.5.17",
            "yn": "3.1.1"
          }
        },
        "util-deprecate": {
          "version": "1.0.2"
        },
        "wcwidth": {
          "version": "1.0.1",
          "requires": {
            "defaults": "^1.0.3"
          }
        },
        "yn": {
          "version": "3.1.1"
        }
      }
    },
    "ansi-colors": {
      "version": "4.1.1",
      "resolved": "https://registry.npm.taobao.org/ansi-colors/download/ansi-colors-4.1.1.tgz",
      "integrity": "sha1-y7muJWv3UK8eqzRPIpqif+lLo0g="
    },
    "commander": {
      "version": "7.2.0",
      "resolved": "https://registry.nlark.com/commander/download/commander-7.2.0.tgz",
      "integrity": "sha1-o2y1fQtQHOEI5NIFWaFQo5HZerc="
    },
    "enquirer": {
      "version": "2.3.6",
      "resolved": "https://registry.npm.taobao.org/enquirer/download/enquirer-2.3.6.tgz",
      "integrity": "sha1-Kn/l3WNKHkElqXXsmU/1RW3Dc00=",
      "requires": {
        "ansi-colors": "^4.1.1"
      }
    }
  }
}
